{
  "name": "assets",
  "lockfileVersion": 3,
  "requires": true,
  "packages": {
    "": {
      "dependencies": {
        "@zumer/snapdom": "^1.9.11",
        "file-saver": "^2.0.5"
      }
    },
    "node_modules/@zumer/snapdom": {
      "version": "1.9.11",
      "resolved": "https://registry.npmjs.org/@zumer/snapdom/-/snapdom-1.9.11.tgz",
      "integrity": "sha512-7yEDRCz9AaksPaKEZxH6BlIZ2tpNN0/gI/8coCYgRIYE1ZIDQ8f5KsMPADtupcdj4t3et97+BP9AQYifGOvYdw==",
      "license": "MIT"
    },
    "node_modules/file-saver": {
      "version": "2.0.5",
      "resolved": "https://registry.npmjs.org/file-saver/-/file-saver-2.0.5.tgz",
      "integrity": "sha512-P9bmyZ3h/PRG+Nzga+rbdI4OEpNDzAVyy74uVO9ATgzLK6VtAsYybF/+TOCvrc0MO793d6+42lLyZTw7/ArVzA==",
      "license": "MIT"
    }
  }
}
